
Microsoft Visual Studio Solution File, Format Version 10.00
# Visual Studio 2008
Project("{FAE04EC0-301F-11D3-BF4B-00C04F79EFBC}") = "TMSPS.Daemon", "TMSPS.Daemon\TMSPS.Daemon.csproj", "{F20F9943-0645-409D-88A8-E606A9FDC0B1}"
EndProject
Project("{FAE04EC0-301F-11D3-BF4B-00C04F79EFBC}") = "TMSPS.Core", "TMSPS.Common\TMSPS.Core.csproj", "{07AB0407-3EB7-4DA1-B3C6-DE074A7760C7}"
EndProject
Project("{FAE04EC0-301F-11D3-BF4B-00C04F79EFBC}") = "TMSPS.TestClient", "TMSPS.TestClient\TMSPS.TestClient.csproj", "{D4484EE3-0BE1-4A2A-BC05-9F63170E0B3F}"
EndProject
Project("{FAE04EC0-301F-11D3-BF4B-00C04F79EFBC}") = "TMSPS.UnitTests", "TMSPS.UnitTests\TMSPS.UnitTests.csproj", "{AC12E80A-4482-404D-B4E2-C1FC6BE50755}"
EndProject
Project("{2150E333-8FDC-42A3-9474-1A3956D46DE8}") = "Solution Items", "Solution Items", "{FCBB4885-DD33-412F-B591-FDDC2CA85458}"
	ProjectSection(SolutionItems) = preProject
		DeveloperDocumentation.docx = DeveloperDocumentation.docx
		LocalTestRun.testrunconfig = LocalTestRun.testrunconfig
		TMSPS.vsmdi = TMSPS.vsmdi
	EndProjectSection
EndProject
Project("{FAE04EC0-301F-11D3-BF4B-00C04F79EFBC}") = "TMSPS.TRC", "TMSPS.TRC\TMSPS.TRC.csproj", "{5BC967F9-1554-47C0-B5EC-08D65CC821A1}"
EndProject
Project("{FAE04EC0-301F-11D3-BF4B-00C04F79EFBC}") = "TMSPS.TrackmaniaServiceWrapper", "TMSPS.TrackmaniaServiceWrapper\TMSPS.TrackmaniaServiceWrapper.csproj", "{2EE4F0C2-E4FF-4C0C-8294-E7FF4DA23DA2}"
EndProject
Project("{FAE04EC0-301F-11D3-BF4B-00C04F79EFBC}") = "TMSPS.Web.ServiceController", "TMSPS.Web.ServiceController\TMSPS.Web.ServiceController.csproj", "{EF8DD701-FBD4-4C38-B71C-6CE81953A2C0}"
EndProject
Project("{FAE04EC0-301F-11D3-BF4B-00C04F79EFBC}") = "TMSPS.SQLite", "TMSPS.SQLite\TMSPS.SQLite.csproj", "{B7C1D32F-96EB-4EFF-BA8F-1B933D2BF563}"
EndProject
Global
	GlobalSection(TeamFoundationVersionControl) = preSolution
		SccNumberOfProjects = 9
		SccEnterpriseProvider = {4CA58AB2-18FA-4F8D-95D4-32DDF27D184C}
		SccTeamFoundationServer = https://tfs09.codeplex.com/
		SccLocalPath0 = .
		SccProjectUniqueName1 = TMSPS.Common\\TMSPS.Core.csproj
		SccProjectName1 = TMSPS.Common
		SccLocalPath1 = TMSPS.Common
		SccProjectUniqueName2 = TMSPS.Daemon\\TMSPS.Daemon.csproj
		SccProjectName2 = TMSPS.Daemon
		SccLocalPath2 = TMSPS.Daemon
		SccProjectUniqueName3 = TMSPS.TestClient\\TMSPS.TestClient.csproj
		SccProjectName3 = TMSPS.TestClient
		SccLocalPath3 = TMSPS.TestClient
		SccProjectUniqueName4 = TMSPS.UnitTests\\TMSPS.UnitTests.csproj
		SccProjectName4 = TMSPS.UnitTests
		SccLocalPath4 = TMSPS.UnitTests
		SccProjectUniqueName5 = TMSPS.TRC\\TMSPS.TRC.csproj
		SccProjectName5 = TMSPS.TRC
		SccLocalPath5 = TMSPS.TRC
		SccProjectUniqueName6 = TMSPS.TrackmaniaServiceWrapper\\TMSPS.TrackmaniaServiceWrapper.csproj
		SccProjectName6 = TMSPS.TrackmaniaServiceWrapper
		SccLocalPath6 = TMSPS.TrackmaniaServiceWrapper
		SccProjectUniqueName7 = TMSPS.Web.ServiceController\\TMSPS.Web.ServiceController.csproj
		SccProjectName7 = TMSPS.Web.ServiceController
		SccLocalPath7 = TMSPS.Web.ServiceController
		SccProjectUniqueName8 = TMSPS.SQLite\\TMSPS.SQLite.csproj
		SccProjectName8 = TMSPS.SQLite
		SccLocalPath8 = TMSPS.SQLite
	EndGlobalSection
	GlobalSection(TestCaseManagementSettings) = postSolution
		CategoryFile = TMSPS.vsmdi
	EndGlobalSection
	GlobalSection(SolutionConfigurationPlatforms) = preSolution
		Debug|Any CPU = Debug|Any CPU
		Release|Any CPU = Release|Any CPU
	EndGlobalSection
	GlobalSection(ProjectConfigurationPlatforms) = postSolution
		{F20F9943-0645-409D-88A8-E606A9FDC0B1}.Debug|Any CPU.ActiveCfg = Debug|Any CPU
		{F20F9943-0645-409D-88A8-E606A9FDC0B1}.Debug|Any CPU.Build.0 = Debug|Any CPU
		{F20F9943-0645-409D-88A8-E606A9FDC0B1}.Release|Any CPU.ActiveCfg = Release|Any CPU
		{F20F9943-0645-409D-88A8-E606A9FDC0B1}.Release|Any CPU.Build.0 = Release|Any CPU
		{07AB0407-3EB7-4DA1-B3C6-DE074A7760C7}.Debug|Any CPU.ActiveCfg = Debug|Any CPU
		{07AB0407-3EB7-4DA1-B3C6-DE074A7760C7}.Debug|Any CPU.Build.0 = Debug|Any CPU
		{07AB0407-3EB7-4DA1-B3C6-DE074A7760C7}.Release|Any CPU.ActiveCfg = Release|Any CPU
		{07AB0407-3EB7-4DA1-B3C6-DE074A7760C7}.Release|Any CPU.Build.0 = Release|Any CPU
		{D4484EE3-0BE1-4A2A-BC05-9F63170E0B3F}.Debug|Any CPU.ActiveCfg = Debug|Any CPU
		{D4484EE3-0BE1-4A2A-BC05-9F63170E0B3F}.Debug|Any CPU.Build.0 = Debug|Any CPU
		{D4484EE3-0BE1-4A2A-BC05-9F63170E0B3F}.Release|Any CPU.ActiveCfg = Release|Any CPU
		{D4484EE3-0BE1-4A2A-BC05-9F63170E0B3F}.Release|Any CPU.Build.0 = Release|Any CPU
		{AC12E80A-4482-404D-B4E2-C1FC6BE50755}.Debug|Any CPU.ActiveCfg = Debug|Any CPU
		{AC12E80A-4482-404D-B4E2-C1FC6BE50755}.Debug|Any CPU.Build.0 = Debug|Any CPU
		{AC12E80A-4482-404D-B4E2-C1FC6BE50755}.Release|Any CPU.ActiveCfg = Release|Any CPU
		{AC12E80A-4482-404D-B4E2-C1FC6BE50755}.Release|Any CPU.Build.0 = Release|Any CPU
		{5BC967F9-1554-47C0-B5EC-08D65CC821A1}.Debug|Any CPU.ActiveCfg = Debug|Any CPU
		{5BC967F9-1554-47C0-B5EC-08D65CC821A1}.Debug|Any CPU.Build.0 = Debug|Any CPU
		{5BC967F9-1554-47C0-B5EC-08D65CC821A1}.Release|Any CPU.ActiveCfg = Release|Any CPU
		{5BC967F9-1554-47C0-B5EC-08D65CC821A1}.Release|Any CPU.Build.0 = Release|Any CPU
		{2EE4F0C2-E4FF-4C0C-8294-E7FF4DA23DA2}.Debug|Any CPU.ActiveCfg = Debug|Any CPU
		{2EE4F0C2-E4FF-4C0C-8294-E7FF4DA23DA2}.Debug|Any CPU.Build.0 = Debug|Any CPU
		{2EE4F0C2-E4FF-4C0C-8294-E7FF4DA23DA2}.Release|Any CPU.ActiveCfg = Release|Any CPU
		{2EE4F0C2-E4FF-4C0C-8294-E7FF4DA23DA2}.Release|Any CPU.Build.0 = Release|Any CPU
		{EF8DD701-FBD4-4C38-B71C-6CE81953A2C0}.Debug|Any CPU.ActiveCfg = Debug|Any CPU
		{EF8DD701-FBD4-4C38-B71C-6CE81953A2C0}.Debug|Any CPU.Build.0 = Debug|Any CPU
		{EF8DD701-FBD4-4C38-B71C-6CE81953A2C0}.Release|Any CPU.ActiveCfg = Release|Any CPU
		{EF8DD701-FBD4-4C38-B71C-6CE81953A2C0}.Release|Any CPU.Build.0 = Release|Any CPU
		{B7C1D32F-96EB-4EFF-BA8F-1B933D2BF563}.Debug|Any CPU.ActiveCfg = Debug|Any CPU
		{B7C1D32F-96EB-4EFF-BA8F-1B933D2BF563}.Debug|Any CPU.Build.0 = Debug|Any CPU
		{B7C1D32F-96EB-4EFF-BA8F-1B933D2BF563}.Release|Any CPU.ActiveCfg = Release|Any CPU
		{B7C1D32F-96EB-4EFF-BA8F-1B933D2BF563}.Release|Any CPU.Build.0 = Release|Any CPU
	EndGlobalSection
	GlobalSection(SolutionProperties) = preSolution
		HideSolutionNode = FALSE
	EndGlobalSection
EndGlobal
